
Microsoft Visual Studio Solution File, Format Version 12.00
# Visual Studio Version 17
VisualStudioVersion = 17.3.32929.385
MinimumVisualStudioVersion = 10.0.40219.1
Project("{8BC9CEB8-8B4A-11D0-8D11-00A0C91BC942}") = "AddrBookMerge", "..\AddrBookMerge.prj\AddrBookMerge.vcxproj", "{112F9FEC-0559-4F56-BDF0-CAE7DC74F1E3}"
	ProjectSection(ProjectDependencies) = postProject
		{7FC1AE7E-F4FB-4CB6-A04E-3B8223D1C46E} = {7FC1AE7E-F4FB-4CB6-A04E-3B8223D1C46E}
		{CF57F3EC-D3DB-4469-8519-3F9D73785D9B} = {CF57F3EC-D3DB-4469-8519-3F9D73785D9B}
		{E4DDF744-0528-42BC-B563-EB576EEB2324} = {E4DDF744-0528-42BC-B563-EB576EEB2324}
		{EB736248-C20E-4279-9761-63B9C08611C5} = {EB736248-C20E-4279-9761-63B9C08611C5}
	EndProjectSection
EndProject
Project("{8BC9CEB8-8B4A-11D0-8D11-00A0C91BC942}") = "AddrBookMerge.hlp", "..\AddrBookMerge.hlp\AddrBookMerge.hlp.vcxproj", "{7FC1AE7E-F4FB-4CB6-A04E-3B8223D1C46E}"
EndProject
Project("{930C7802-8A8C-48F9-8165-68863BCCD9DD}") = "AddrBookMerge.wix", "..\AddrBookMerge.wix\AddrBookMerge.wix.wixproj", "{5603F78C-CA06-4698-85D3-B54DC229ED90}"
	ProjectSection(ProjectDependencies) = postProject
		{112F9FEC-0559-4F56-BDF0-CAE7DC74F1E3} = {112F9FEC-0559-4F56-BDF0-CAE7DC74F1E3}
		{7FC1AE7E-F4FB-4CB6-A04E-3B8223D1C46E} = {7FC1AE7E-F4FB-4CB6-A04E-3B8223D1C46E}
		{CF57F3EC-D3DB-4469-8519-3F9D73785D9B} = {CF57F3EC-D3DB-4469-8519-3F9D73785D9B}
		{E4DDF744-0528-42BC-B563-EB576EEB2324} = {E4DDF744-0528-42BC-B563-EB576EEB2324}
		{EB736248-C20E-4279-9761-63B9C08611C5} = {EB736248-C20E-4279-9761-63B9C08611C5}
	EndProjectSection
EndProject
Project("{8BC9CEB8-8B4A-11D0-8D11-00A0C91BC942}") = "BuildData.hlp", "..\BuildData.hlp\BuildData.hlp.vcxproj", "{EB736248-C20E-4279-9761-63B9C08611C5}"
EndProject
Project("{8BC9CEB8-8B4A-11D0-8D11-00A0C91BC942}") = "BuildData", "..\BuildData.prj\BuildData.vcxproj", "{E4DDF744-0528-42BC-B563-EB576EEB2324}"
	ProjectSection(ProjectDependencies) = postProject
		{7FC1AE7E-F4FB-4CB6-A04E-3B8223D1C46E} = {7FC1AE7E-F4FB-4CB6-A04E-3B8223D1C46E}
		{CF57F3EC-D3DB-4469-8519-3F9D73785D9B} = {CF57F3EC-D3DB-4469-8519-3F9D73785D9B}
		{EB736248-C20E-4279-9761-63B9C08611C5} = {EB736248-C20E-4279-9761-63B9C08611C5}
	EndProjectSection
EndProject
Project("{8BC9CEB8-8B4A-11D0-8D11-00A0C91BC942}") = "Library", "..\..\Library\Library\Library.vcxproj", "{CF57F3EC-D3DB-4469-8519-3F9D73785D9B}"
	ProjectSection(ProjectDependencies) = postProject
		{7FC1AE7E-F4FB-4CB6-A04E-3B8223D1C46E} = {7FC1AE7E-F4FB-4CB6-A04E-3B8223D1C46E}
		{EB736248-C20E-4279-9761-63B9C08611C5} = {EB736248-C20E-4279-9761-63B9C08611C5}
	EndProjectSection
EndProject
Global
	GlobalSection(SolutionConfigurationPlatforms) = preSolution
		Debug|Win32 = Debug|Win32
		Release|Win32 = Release|Win32
	EndGlobalSection
	GlobalSection(ProjectConfigurationPlatforms) = postSolution
		{112F9FEC-0559-4F56-BDF0-CAE7DC74F1E3}.Debug|Win32.ActiveCfg = Debug|Win32
		{112F9FEC-0559-4F56-BDF0-CAE7DC74F1E3}.Debug|Win32.Build.0 = Debug|Win32
		{112F9FEC-0559-4F56-BDF0-CAE7DC74F1E3}.Release|Win32.ActiveCfg = Release|Win32
		{112F9FEC-0559-4F56-BDF0-CAE7DC74F1E3}.Release|Win32.Build.0 = Release|Win32
		{7FC1AE7E-F4FB-4CB6-A04E-3B8223D1C46E}.Debug|Win32.ActiveCfg = Debug|Win32
		{7FC1AE7E-F4FB-4CB6-A04E-3B8223D1C46E}.Debug|Win32.Build.0 = Debug|Win32
		{7FC1AE7E-F4FB-4CB6-A04E-3B8223D1C46E}.Release|Win32.ActiveCfg = Release|Win32
		{7FC1AE7E-F4FB-4CB6-A04E-3B8223D1C46E}.Release|Win32.Build.0 = Release|Win32
		{5603F78C-CA06-4698-85D3-B54DC229ED90}.Debug|Win32.ActiveCfg = Debug|x86
		{5603F78C-CA06-4698-85D3-B54DC229ED90}.Release|Win32.ActiveCfg = Release|x86
		{5603F78C-CA06-4698-85D3-B54DC229ED90}.Release|Win32.Build.0 = Release|x86
		{EB736248-C20E-4279-9761-63B9C08611C5}.Debug|Win32.ActiveCfg = Debug|Win32
		{EB736248-C20E-4279-9761-63B9C08611C5}.Debug|Win32.Build.0 = Debug|Win32
		{EB736248-C20E-4279-9761-63B9C08611C5}.Release|Win32.ActiveCfg = Release|Win32
		{EB736248-C20E-4279-9761-63B9C08611C5}.Release|Win32.Build.0 = Release|Win32
		{E4DDF744-0528-42BC-B563-EB576EEB2324}.Debug|Win32.ActiveCfg = Debug|Win32
		{E4DDF744-0528-42BC-B563-EB576EEB2324}.Debug|Win32.Build.0 = Debug|Win32
		{E4DDF744-0528-42BC-B563-EB576EEB2324}.Release|Win32.ActiveCfg = Release|Win32
		{E4DDF744-0528-42BC-B563-EB576EEB2324}.Release|Win32.Build.0 = Release|Win32
		{CF57F3EC-D3DB-4469-8519-3F9D73785D9B}.Debug|Win32.ActiveCfg = Debug|Win32
		{CF57F3EC-D3DB-4469-8519-3F9D73785D9B}.Debug|Win32.Build.0 = Debug|Win32
		{CF57F3EC-D3DB-4469-8519-3F9D73785D9B}.Release|Win32.ActiveCfg = Release|Win32
		{CF57F3EC-D3DB-4469-8519-3F9D73785D9B}.Release|Win32.Build.0 = Release|Win32
	EndGlobalSection
	GlobalSection(SolutionProperties) = preSolution
		HideSolutionNode = FALSE
	EndGlobalSection
	GlobalSection(ExtensibilityGlobals) = postSolution
		SolutionGuid = {CD204FB3-952D-4255-8767-D8EA6F50CADB}
	EndGlobalSection
EndGlobal
