
Microsoft Visual Studio Solution File, Format Version 12.00
# Visual Studio Version 17
VisualStudioVersion = 17.3.32929.385
MinimumVisualStudioVersion = 10.0.40219.1
Project("{8BC9CEB8-8B4A-11D0-8D11-00A0C91BC942}") = "AddrBookMerge", "..\AddrBookMerge.prj\AddrBookMerge.vcxproj", "{112F9FEC-0559-4F56-BDF0-CAE7DC74F1E3}"
	ProjectSection(ProjectDependencies) = postProject
		{ABA0D832-6F88-4EA1-82BF-75DE5EEDF396} = {ABA0D832-6F88-4EA1-82BF-75DE5EEDF396}
		{CF57F3EC-D3DB-4469-8519-3F9D73785D9B} = {CF57F3EC-D3DB-4469-8519-3F9D73785D9B}
		{D0FDD57B-5315-4E31-B0C9-FCFB7A0285F6} = {D0FDD57B-5315-4E31-B0C9-FCFB7A0285F6}
		{E4DDF744-0528-42BC-B563-EB576EEB2324} = {E4DDF744-0528-42BC-B563-EB576EEB2324}
		{EB736248-C20E-4279-9761-63B9C08611C5} = {EB736248-C20E-4279-9761-63B9C08611C5}
	EndProjectSection
EndProject
Project("{8BC9CEB8-8B4A-11D0-8D11-00A0C91BC942}") = "AddrBookMerge.hlp", "..\AddrBookMerge.hlp\AddrBookMerge.hlp.vcxproj", "{ABA0D832-6F88-4EA1-82BF-75DE5EEDF396}"
EndProject
Project("{8BC9CEB8-8B4A-11D0-8D11-00A0C91BC942}") = "BuildData.hlp", "..\BuildData.hlp\BuildData.hlp.vcxproj", "{EB736248-C20E-4279-9761-63B9C08611C5}"
EndProject
Project("{8BC9CEB8-8B4A-11D0-8D11-00A0C91BC942}") = "BuildData", "..\BuildData.prj\BuildData.vcxproj", "{E4DDF744-0528-42BC-B563-EB576EEB2324}"
	ProjectSection(ProjectDependencies) = postProject
		{ABA0D832-6F88-4EA1-82BF-75DE5EEDF396} = {ABA0D832-6F88-4EA1-82BF-75DE5EEDF396}
		{CF57F3EC-D3DB-4469-8519-3F9D73785D9B} = {CF57F3EC-D3DB-4469-8519-3F9D73785D9B}
		{D0FDD57B-5315-4E31-B0C9-FCFB7A0285F6} = {D0FDD57B-5315-4E31-B0C9-FCFB7A0285F6}
		{EB736248-C20E-4279-9761-63B9C08611C5} = {EB736248-C20E-4279-9761-63B9C08611C5}
	EndProjectSection
EndProject
Project("{8BC9CEB8-8B4A-11D0-8D11-00A0C91BC942}") = "Library", "..\..\Library\Library\Library.vcxproj", "{CF57F3EC-D3DB-4469-8519-3F9D73785D9B}"
	ProjectSection(ProjectDependencies) = postProject
		{ABA0D832-6F88-4EA1-82BF-75DE5EEDF396} = {ABA0D832-6F88-4EA1-82BF-75DE5EEDF396}
		{EB736248-C20E-4279-9761-63B9C08611C5} = {EB736248-C20E-4279-9761-63B9C08611C5}
	EndProjectSection
EndProject
Project("{8BC9CEB8-8B4A-11D0-8D11-00A0C91BC942}") = "DocView", "..\..\Library\DocView\DocView.vcxproj", "{D0FDD57B-5315-4E31-B0C9-FCFB7A0285F6}"
	ProjectSection(ProjectDependencies) = postProject
		{ABA0D832-6F88-4EA1-82BF-75DE5EEDF396} = {ABA0D832-6F88-4EA1-82BF-75DE5EEDF396}
		{CF57F3EC-D3DB-4469-8519-3F9D73785D9B} = {CF57F3EC-D3DB-4469-8519-3F9D73785D9B}
		{EB736248-C20E-4279-9761-63B9C08611C5} = {EB736248-C20E-4279-9761-63B9C08611C5}
	EndProjectSection
EndProject
Project("{B7DD6F7E-DEF8-4E67-B5B7-07EF123DB6F0}") = "AddrBookMerge.Win32.wix", "..\AddrBookMerge.Win32.wix\AddrBookMerge.Win32.wix.wixproj", "{EACA943B-77C0-32CD-2AE3-922CAB27EFCF}"
	ProjectSection(ProjectDependencies) = postProject
		{112F9FEC-0559-4F56-BDF0-CAE7DC74F1E3} = {112F9FEC-0559-4F56-BDF0-CAE7DC74F1E3}
		{ABA0D832-6F88-4EA1-82BF-75DE5EEDF396} = {ABA0D832-6F88-4EA1-82BF-75DE5EEDF396}
		{CF57F3EC-D3DB-4469-8519-3F9D73785D9B} = {CF57F3EC-D3DB-4469-8519-3F9D73785D9B}
		{D0FDD57B-5315-4E31-B0C9-FCFB7A0285F6} = {D0FDD57B-5315-4E31-B0C9-FCFB7A0285F6}
		{E4DDF744-0528-42BC-B563-EB576EEB2324} = {E4DDF744-0528-42BC-B563-EB576EEB2324}
		{EB736248-C20E-4279-9761-63B9C08611C5} = {EB736248-C20E-4279-9761-63B9C08611C5}
	EndProjectSection
EndProject
Project("{B7DD6F7E-DEF8-4E67-B5B7-07EF123DB6F0}") = "AddrBookMerge.x64.wix", "..\AddrBookMerge.x64.wix\AddrBookMerge.x64.wix.wixproj", "{B4A949E8-8704-26DF-932D-636BD70DFA5E}"
	ProjectSection(ProjectDependencies) = postProject
		{112F9FEC-0559-4F56-BDF0-CAE7DC74F1E3} = {112F9FEC-0559-4F56-BDF0-CAE7DC74F1E3}
		{ABA0D832-6F88-4EA1-82BF-75DE5EEDF396} = {ABA0D832-6F88-4EA1-82BF-75DE5EEDF396}
		{CF57F3EC-D3DB-4469-8519-3F9D73785D9B} = {CF57F3EC-D3DB-4469-8519-3F9D73785D9B}
		{D0FDD57B-5315-4E31-B0C9-FCFB7A0285F6} = {D0FDD57B-5315-4E31-B0C9-FCFB7A0285F6}
		{E4DDF744-0528-42BC-B563-EB576EEB2324} = {E4DDF744-0528-42BC-B563-EB576EEB2324}
		{EB736248-C20E-4279-9761-63B9C08611C5} = {EB736248-C20E-4279-9761-63B9C08611C5}
	EndProjectSection
EndProject
Global
	GlobalSection(SolutionConfigurationPlatforms) = preSolution
		Debug|Win32 = Debug|Win32
		Debug|x64 = Debug|x64
		Release|Win32 = Release|Win32
		Release|x64 = Release|x64
	EndGlobalSection
	GlobalSection(ProjectConfigurationPlatforms) = postSolution
		{112F9FEC-0559-4F56-BDF0-CAE7DC74F1E3}.Debug|Win32.ActiveCfg = Debug|Win32
		{112F9FEC-0559-4F56-BDF0-CAE7DC74F1E3}.Debug|Win32.Build.0 = Debug|Win32
		{112F9FEC-0559-4F56-BDF0-CAE7DC74F1E3}.Debug|x64.ActiveCfg = Debug|x64
		{112F9FEC-0559-4F56-BDF0-CAE7DC74F1E3}.Debug|x64.Build.0 = Debug|x64
		{112F9FEC-0559-4F56-BDF0-CAE7DC74F1E3}.Release|Win32.ActiveCfg = Release|Win32
		{112F9FEC-0559-4F56-BDF0-CAE7DC74F1E3}.Release|Win32.Build.0 = Release|Win32
		{112F9FEC-0559-4F56-BDF0-CAE7DC74F1E3}.Release|x64.ActiveCfg = Release|x64
		{112F9FEC-0559-4F56-BDF0-CAE7DC74F1E3}.Release|x64.Build.0 = Release|x64
		{ABA0D832-6F88-4EA1-82BF-75DE5EEDF396}.Debug|Win32.ActiveCfg = Debug|Win32
		{ABA0D832-6F88-4EA1-82BF-75DE5EEDF396}.Debug|Win32.Build.0 = Debug|Win32
		{ABA0D832-6F88-4EA1-82BF-75DE5EEDF396}.Debug|x64.ActiveCfg = Debug|x64
		{ABA0D832-6F88-4EA1-82BF-75DE5EEDF396}.Debug|x64.Build.0 = Debug|x64
		{ABA0D832-6F88-4EA1-82BF-75DE5EEDF396}.Release|Win32.ActiveCfg = Release|Win32
		{ABA0D832-6F88-4EA1-82BF-75DE5EEDF396}.Release|Win32.Build.0 = Release|Win32
		{ABA0D832-6F88-4EA1-82BF-75DE5EEDF396}.Release|x64.ActiveCfg = Release|x64
		{ABA0D832-6F88-4EA1-82BF-75DE5EEDF396}.Release|x64.Build.0 = Release|x64
		{EB736248-C20E-4279-9761-63B9C08611C5}.Debug|Win32.ActiveCfg = Debug|Win32
		{EB736248-C20E-4279-9761-63B9C08611C5}.Debug|Win32.Build.0 = Debug|Win32
		{EB736248-C20E-4279-9761-63B9C08611C5}.Debug|x64.ActiveCfg = Debug|x64
		{EB736248-C20E-4279-9761-63B9C08611C5}.Debug|x64.Build.0 = Debug|x64
		{EB736248-C20E-4279-9761-63B9C08611C5}.Release|Win32.ActiveCfg = Release|Win32
		{EB736248-C20E-4279-9761-63B9C08611C5}.Release|Win32.Build.0 = Release|Win32
		{EB736248-C20E-4279-9761-63B9C08611C5}.Release|x64.ActiveCfg = Release|x64
		{EB736248-C20E-4279-9761-63B9C08611C5}.Release|x64.Build.0 = Release|x64
		{E4DDF744-0528-42BC-B563-EB576EEB2324}.Debug|Win32.ActiveCfg = Debug|Win32
		{E4DDF744-0528-42BC-B563-EB576EEB2324}.Debug|Win32.Build.0 = Debug|Win32
		{E4DDF744-0528-42BC-B563-EB576EEB2324}.Debug|x64.ActiveCfg = Debug|x64
		{E4DDF744-0528-42BC-B563-EB576EEB2324}.Debug|x64.Build.0 = Debug|x64
		{E4DDF744-0528-42BC-B563-EB576EEB2324}.Release|Win32.ActiveCfg = Release|Win32
		{E4DDF744-0528-42BC-B563-EB576EEB2324}.Release|Win32.Build.0 = Release|Win32
		{E4DDF744-0528-42BC-B563-EB576EEB2324}.Release|x64.ActiveCfg = Release|x64
		{E4DDF744-0528-42BC-B563-EB576EEB2324}.Release|x64.Build.0 = Release|x64
		{CF57F3EC-D3DB-4469-8519-3F9D73785D9B}.Debug|Win32.ActiveCfg = Debug|Win32
		{CF57F3EC-D3DB-4469-8519-3F9D73785D9B}.Debug|Win32.Build.0 = Debug|Win32
		{CF57F3EC-D3DB-4469-8519-3F9D73785D9B}.Debug|x64.ActiveCfg = Debug|x64
		{CF57F3EC-D3DB-4469-8519-3F9D73785D9B}.Debug|x64.Build.0 = Debug|x64
		{CF57F3EC-D3DB-4469-8519-3F9D73785D9B}.Release|Win32.ActiveCfg = Release|Win32
		{CF57F3EC-D3DB-4469-8519-3F9D73785D9B}.Release|Win32.Build.0 = Release|Win32
		{CF57F3EC-D3DB-4469-8519-3F9D73785D9B}.Release|x64.ActiveCfg = Release|x64
		{CF57F3EC-D3DB-4469-8519-3F9D73785D9B}.Release|x64.Build.0 = Release|x64
		{D0FDD57B-5315-4E31-B0C9-FCFB7A0285F6}.Debug|Win32.ActiveCfg = Debug|Win32
		{D0FDD57B-5315-4E31-B0C9-FCFB7A0285F6}.Debug|Win32.Build.0 = Debug|Win32
		{D0FDD57B-5315-4E31-B0C9-FCFB7A0285F6}.Debug|x64.ActiveCfg = Debug|x64
		{D0FDD57B-5315-4E31-B0C9-FCFB7A0285F6}.Debug|x64.Build.0 = Debug|x64
		{D0FDD57B-5315-4E31-B0C9-FCFB7A0285F6}.Release|Win32.ActiveCfg = Release|Win32
		{D0FDD57B-5315-4E31-B0C9-FCFB7A0285F6}.Release|Win32.Build.0 = Release|Win32
		{D0FDD57B-5315-4E31-B0C9-FCFB7A0285F6}.Release|x64.ActiveCfg = Release|x64
		{D0FDD57B-5315-4E31-B0C9-FCFB7A0285F6}.Release|x64.Build.0 = Release|x64
		{EACA943B-77C0-32CD-2AE3-922CAB27EFCF}.Debug|Win32.ActiveCfg = Debug|x86
		{EACA943B-77C0-32CD-2AE3-922CAB27EFCF}.Debug|x64.ActiveCfg = Debug|x64
		{EACA943B-77C0-32CD-2AE3-922CAB27EFCF}.Release|Win32.ActiveCfg = Release|x86
		{EACA943B-77C0-32CD-2AE3-922CAB27EFCF}.Release|Win32.Build.0 = Release|x86
		{EACA943B-77C0-32CD-2AE3-922CAB27EFCF}.Release|x64.ActiveCfg = Release|x64
		{B4A949E8-8704-26DF-932D-636BD70DFA5E}.Debug|Win32.ActiveCfg = Debug|x86
		{B4A949E8-8704-26DF-932D-636BD70DFA5E}.Debug|x64.ActiveCfg = Debug|x64
		{B4A949E8-8704-26DF-932D-636BD70DFA5E}.Release|Win32.ActiveCfg = Release|x86
		{B4A949E8-8704-26DF-932D-636BD70DFA5E}.Release|x64.ActiveCfg = Release|x64
		{B4A949E8-8704-26DF-932D-636BD70DFA5E}.Release|x64.Build.0 = Release|x64
	EndGlobalSection
	GlobalSection(SolutionProperties) = preSolution
		HideSolutionNode = FALSE
	EndGlobalSection
	GlobalSection(ExtensibilityGlobals) = postSolution
		SolutionGuid = {CD204FB3-952D-4255-8767-D8EA6F50CADB}
	EndGlobalSection
EndGlobal
